
Microsoft Visual Studio Solution File, Format Version 12.00
Project("{FAE04EC0-301F-11D3-BF4B-00C04F79EFBC}") = "BoilerRoomJournal", "BoilerRoomJournal\BoilerRoomJournal.csproj", "{D9638F5A-7195-4572-A89B-0FD3EC7CF5B6}"
EndProject
Project("{FAE04EC0-301F-11D3-BF4B-00C04F79EFBC}") = "GetWeather.API", "GetWeather.API\GetWeather.API.csproj", "{DF079344-AA74-45FC-9E76-9B38E9FE5155}"
EndProject
Project("{2150E333-8FDC-42A3-9474-1A3956D46DE8}") = "Server", "Server", "{4AC538C7-876B-4CDF-BC2C-F1826C09FA6B}"
EndProject
Project("{FAE04EC0-301F-11D3-BF4B-00C04F79EFBC}") = "BoilerRoom.WebApi", "BoilerRoom.WebApi\BoilerRoom.WebApi.csproj", "{6E5035F8-C110-4A68-8BC4-343E329C4F6C}"
EndProject
Project("{FAE04EC0-301F-11D3-BF4B-00C04F79EFBC}") = "BoilerRoom.Model", "BoilerRoom.Model\BoilerRoom.Model.csproj", "{330BBB78-9D79-4978-B43E-B6A8795C20A8}"
EndProject
Project("{FAE04EC0-301F-11D3-BF4B-00C04F79EFBC}") = "BoilerRoom.Dal", "BoilerRoom.Dal\BoilerRoom.Dal.csproj", "{A50507CB-863B-4AE2-BCFE-FD2C2170BAC6}"
EndProject
Project("{FAE04EC0-301F-11D3-BF4B-00C04F79EFBC}") = "BoilerRoom.BL", "BoilerRoom.BL\BoilerRoom.BL.csproj", "{BF8DE946-71C4-430E-8BFB-5C92E3B3249F}"
EndProject
Project("{2150E333-8FDC-42A3-9474-1A3956D46DE8}") = "Client", "Client", "{E1577E09-53AC-4079-ACDD-ACA1C7C0FDD6}"
EndProject
Global
	GlobalSection(SolutionConfigurationPlatforms) = preSolution
		Debug|Any CPU = Debug|Any CPU
		Release|Any CPU = Release|Any CPU
	EndGlobalSection
	GlobalSection(ProjectConfigurationPlatforms) = postSolution
		{D9638F5A-7195-4572-A89B-0FD3EC7CF5B6}.Debug|Any CPU.ActiveCfg = Debug|Any CPU
		{D9638F5A-7195-4572-A89B-0FD3EC7CF5B6}.Debug|Any CPU.Build.0 = Debug|Any CPU
		{D9638F5A-7195-4572-A89B-0FD3EC7CF5B6}.Release|Any CPU.ActiveCfg = Release|Any CPU
		{D9638F5A-7195-4572-A89B-0FD3EC7CF5B6}.Release|Any CPU.Build.0 = Release|Any CPU
		{DF079344-AA74-45FC-9E76-9B38E9FE5155}.Debug|Any CPU.ActiveCfg = Debug|Any CPU
		{DF079344-AA74-45FC-9E76-9B38E9FE5155}.Debug|Any CPU.Build.0 = Debug|Any CPU
		{DF079344-AA74-45FC-9E76-9B38E9FE5155}.Release|Any CPU.ActiveCfg = Release|Any CPU
		{DF079344-AA74-45FC-9E76-9B38E9FE5155}.Release|Any CPU.Build.0 = Release|Any CPU
		{6E5035F8-C110-4A68-8BC4-343E329C4F6C}.Debug|Any CPU.ActiveCfg = Debug|Any CPU
		{6E5035F8-C110-4A68-8BC4-343E329C4F6C}.Debug|Any CPU.Build.0 = Debug|Any CPU
		{6E5035F8-C110-4A68-8BC4-343E329C4F6C}.Release|Any CPU.ActiveCfg = Release|Any CPU
		{6E5035F8-C110-4A68-8BC4-343E329C4F6C}.Release|Any CPU.Build.0 = Release|Any CPU
		{330BBB78-9D79-4978-B43E-B6A8795C20A8}.Debug|Any CPU.ActiveCfg = Debug|Any CPU
		{330BBB78-9D79-4978-B43E-B6A8795C20A8}.Debug|Any CPU.Build.0 = Debug|Any CPU
		{330BBB78-9D79-4978-B43E-B6A8795C20A8}.Release|Any CPU.ActiveCfg = Release|Any CPU
		{330BBB78-9D79-4978-B43E-B6A8795C20A8}.Release|Any CPU.Build.0 = Release|Any CPU
		{A50507CB-863B-4AE2-BCFE-FD2C2170BAC6}.Debug|Any CPU.ActiveCfg = Debug|Any CPU
		{A50507CB-863B-4AE2-BCFE-FD2C2170BAC6}.Debug|Any CPU.Build.0 = Debug|Any CPU
		{A50507CB-863B-4AE2-BCFE-FD2C2170BAC6}.Release|Any CPU.ActiveCfg = Release|Any CPU
		{A50507CB-863B-4AE2-BCFE-FD2C2170BAC6}.Release|Any CPU.Build.0 = Release|Any CPU
		{BF8DE946-71C4-430E-8BFB-5C92E3B3249F}.Debug|Any CPU.ActiveCfg = Debug|Any CPU
		{BF8DE946-71C4-430E-8BFB-5C92E3B3249F}.Debug|Any CPU.Build.0 = Debug|Any CPU
		{BF8DE946-71C4-430E-8BFB-5C92E3B3249F}.Release|Any CPU.ActiveCfg = Release|Any CPU
		{BF8DE946-71C4-430E-8BFB-5C92E3B3249F}.Release|Any CPU.Build.0 = Release|Any CPU
	EndGlobalSection
	GlobalSection(NestedProjects) = preSolution
		{6E5035F8-C110-4A68-8BC4-343E329C4F6C} = {4AC538C7-876B-4CDF-BC2C-F1826C09FA6B}
		{330BBB78-9D79-4978-B43E-B6A8795C20A8} = {4AC538C7-876B-4CDF-BC2C-F1826C09FA6B}
		{A50507CB-863B-4AE2-BCFE-FD2C2170BAC6} = {4AC538C7-876B-4CDF-BC2C-F1826C09FA6B}
		{BF8DE946-71C4-430E-8BFB-5C92E3B3249F} = {4AC538C7-876B-4CDF-BC2C-F1826C09FA6B}
		{D9638F5A-7195-4572-A89B-0FD3EC7CF5B6} = {E1577E09-53AC-4079-ACDD-ACA1C7C0FDD6}
	EndGlobalSection
EndGlobal
