
Microsoft Visual Studio Solution File, Format Version 12.00
Project("{FAE04EC0-301F-11D3-BF4B-00C04F79EFBC}") = "LerningPlatform.DAL.Postgres", "LerningPlatform.DAL.Postgres\LerningPlatform.DAL.Postgres.csproj", "{CC9AA441-7E99-4578-8450-839089AA44A5}"
EndProject
Project("{FAE04EC0-301F-11D3-BF4B-00C04F79EFBC}") = "WebApplication1", "WebApplication1\WebApplication1.csproj", "{B830040A-A776-4A8E-83DA-D0F49FA30F37}"
EndProject
Global
	GlobalSection(SolutionConfigurationPlatforms) = preSolution
		Debug|Any CPU = Debug|Any CPU
		Release|Any CPU = Release|Any CPU
	EndGlobalSection
	GlobalSection(ProjectConfigurationPlatforms) = postSolution
		{CC9AA441-7E99-4578-8450-839089AA44A5}.Debug|Any CPU.ActiveCfg = Debug|Any CPU
		{CC9AA441-7E99-4578-8450-839089AA44A5}.Debug|Any CPU.Build.0 = Debug|Any CPU
		{CC9AA441-7E99-4578-8450-839089AA44A5}.Release|Any CPU.ActiveCfg = Release|Any CPU
		{CC9AA441-7E99-4578-8450-839089AA44A5}.Release|Any CPU.Build.0 = Release|Any CPU
		{B830040A-A776-4A8E-83DA-D0F49FA30F37}.Debug|Any CPU.ActiveCfg = Debug|Any CPU
		{B830040A-A776-4A8E-83DA-D0F49FA30F37}.Debug|Any CPU.Build.0 = Debug|Any CPU
		{B830040A-A776-4A8E-83DA-D0F49FA30F37}.Release|Any CPU.ActiveCfg = Release|Any CPU
		{B830040A-A776-4A8E-83DA-D0F49FA30F37}.Release|Any CPU.Build.0 = Release|Any CPU
	EndGlobalSection
EndGlobal
