
Microsoft Visual Studio Solution File, Format Version 12.00
Project("{FAE04EC0-301F-11D3-BF4B-00C04F79EFBC}") = "WeatherForcast.API", "WeatherForcast.API\WeatherForcast.API.csproj", "{A21AFA38-753B-4311-A7FF-55E5D78B910F}"
EndProject
Global
	GlobalSection(SolutionConfigurationPlatforms) = preSolution
		Debug|Any CPU = Debug|Any CPU
		Release|Any CPU = Release|Any CPU
	EndGlobalSection
	GlobalSection(ProjectConfigurationPlatforms) = postSolution
		{A21AFA38-753B-4311-A7FF-55E5D78B910F}.Debug|Any CPU.ActiveCfg = Debug|Any CPU
		{A21AFA38-753B-4311-A7FF-55E5D78B910F}.Debug|Any CPU.Build.0 = Debug|Any CPU
		{A21AFA38-753B-4311-A7FF-55E5D78B910F}.Release|Any CPU.ActiveCfg = Release|Any CPU
		{A21AFA38-753B-4311-A7FF-55E5D78B910F}.Release|Any CPU.Build.0 = Release|Any CPU
	EndGlobalSection
EndGlobal
